Microsoft Visual Studio Solution File, Format Version 12.00
# Visual Studio 2012
Project("{FAE04EC0-301F-11D3-BF4B-00C04F79EFBC}") = "blood-knight", "blood-knight.csproj", "{306B3F88-312A-453F-B3DD-3F3A6C3F87CE}"
EndProject
Global
	GlobalSection(SolutionConfigurationPlatforms) = preSolution
	Debug|Any CPU = Debug|Any CPU
	ExportDebug|Any CPU = ExportDebug|Any CPU
	ExportRelease|Any CPU = ExportRelease|Any CPU
	EndGlobalSection
	GlobalSection(ProjectConfigurationPlatforms) = postSolution
		{306B3F88-312A-453F-B3DD-3F3A6C3F87CE}.Debug|Any CPU.ActiveCfg = Debug|Any CPU
		{306B3F88-312A-453F-B3DD-3F3A6C3F87CE}.Debug|Any CPU.Build.0 = Debug|Any CPU
		{306B3F88-312A-453F-B3DD-3F3A6C3F87CE}.ExportDebug|Any CPU.ActiveCfg = ExportDebug|Any CPU
		{306B3F88-312A-453F-B3DD-3F3A6C3F87CE}.ExportDebug|Any CPU.Build.0 = ExportDebug|Any CPU
		{306B3F88-312A-453F-B3DD-3F3A6C3F87CE}.ExportRelease|Any CPU.ActiveCfg = ExportRelease|Any CPU
		{306B3F88-312A-453F-B3DD-3F3A6C3F87CE}.ExportRelease|Any CPU.Build.0 = ExportRelease|Any CPU
	EndGlobalSection
EndGlobal
